PODS:
  - Flutter (1.0.0)
  - PromisesObjC (1.2.8)
  - PromisesSwift (1.2.8):
    - PromisesObjC (= 1.2.8)
  - sdk-core-swift (3.0.1):
    - sdk-objectmodel-swift (~> 3.0)
    - secp256k1.swift
  - sdk-objectmodel-swift (3.0.3)
  - sdk-xyo-swift (1.0.5):
    - sdk-xyobleinterface-swift
  - sdk-xyobleinterface-swift (3.0.9):
    - PromisesSwift (~> 1.2.4)
    - sdk-core-swift (~> 3.0.1)
    - sdk-objectmodel-swift (~> 3.0.3)
    - XyBleSdk (~> 3.0.7)
  - sdk_xyo_flutter (0.0.1):
    - Flutter
    - sdk-xyo-swift (~> 1.0.5)
    - SwiftProtobuf (~> 1.5)
  - secp256k1.swift (0.1.4)
  - SwiftProtobuf (1.7.0)
  - XyBleSdk (3.0.7):
    - PromisesSwift

DEPENDENCIES:
  - Flutter (from `Flutter`)
  - sdk_xyo_flutter (from `.symlinks/plugins/sdk_xyo_flutter/ios`)

SPEC REPOS:
  trunk:
    - PromisesObjC
    - PromisesSwift
    - sdk-core-swift
    - sdk-objectmodel-swift
    - sdk-xyo-swift
    - sdk-xyobleinterface-swift
    - secp256k1.swift
    - SwiftProtobuf
    - XyBleSdk

EXTERNAL SOURCES:
  Flutter:
    :path: Flutter
  sdk_xyo_flutter:
    :path: ".symlinks/plugins/sdk_xyo_flutter/ios"

SPEC CHECKSUMS:
  Flutter: 0e3d915762c693b495b44d77113d4970485de6ec
  PromisesObjC: c119f3cd559f50b7ae681fa59dc1acd19173b7e6
  PromisesSwift: 37bad6f4daddb02f7c9c531efe91e8b21c13ee2f
  sdk-core-swift: 6b089045fe8483388bd3c82d2d1375d796c29745
  sdk-objectmodel-swift: a60e0bca94cac846589720322d63bf65b7eb584f
  sdk-xyo-swift: 0bfc143aa36bc7fa52c876f1de66e4687d0e1e86
  sdk-xyobleinterface-swift: 335aa5ee475c1f680d2461a4d622f02532613e91
  sdk_xyo_flutter: 043d490bfe4325911ab3745005a7ef40686d8908
  secp256k1.swift: a7e7a214f6db6ce5db32cc6b2b45e5c4dd633634
  SwiftProtobuf: 4fd9645e69b72cbae6ec8da5be0cdd20ca6565dd
  XyBleSdk: 8d63d5cba164fa7d05d662fca0231f065fddccbe

PODFILE CHECKSUM: 1b66dae606f75376c5f2135a8290850eeb09ae83

COCOAPODS: 1.8.4
