PODS:
  - Flutter (1.0.0)
  - PromisesObjC (1.2.8)
  - PromisesSwift (1.2.8):
    - PromisesObjC (= 1.2.8)
  - sdk-bletcpbridge-swift (3.0.7):
    - PromisesSwift (~> 1.2.4)
    - sdk-core-swift (~> 3.0.1)
    - sdk-objectmodel-swift (~> 3.0)
    - sdk-xyobleinterface-swift (~> 3.0.7)
    - XyBleSdk (~> 3.0.6)
  - sdk-core-swift (3.0.1):
    - sdk-objectmodel-swift (~> 3.0)
    - secp256k1.swift
  - sdk-objectmodel-swift (3.0.1)
  - sdk-xyobleinterface-swift (3.0.7):
    - PromisesSwift (~> 1.2.4)
    - sdk-core-swift (~> 3.0.1)
    - sdk-objectmodel-swift (~> 3.0)
    - XyBleSdk (~> 3.0.6)
  - sdk_xyo_flutter (0.1.4):
    - Flutter
    - sdk-bletcpbridge-swift (~> 3.0.7)
    - sdk-core-swift (~> 3.0.1)
    - sdk-objectmodel-swift (~> 3.0.1)
    - sdk-xyobleinterface-swift (~> 3.0.7)
    - SwiftProtobuf (~> 1.5)
    - XyBleSdk (~> 3.0.6)
  - secp256k1.swift (0.1.4)
  - SwiftProtobuf (1.7.0)
  - XyBleSdk (3.0.6):
    - PromisesSwift

DEPENDENCIES:
  - Flutter (from `.symlinks/flutter/ios`)
  - sdk_xyo_flutter (from `.symlinks/plugins/sdk_xyo_flutter/ios`)

SPEC REPOS:
  trunk:
    - PromisesObjC
    - PromisesSwift
    - sdk-bletcpbridge-swift
    - sdk-core-swift
    - sdk-objectmodel-swift
    - sdk-xyobleinterface-swift
    - secp256k1.swift
    - SwiftProtobuf
    - XyBleSdk

EXTERNAL SOURCES:
  Flutter:
    :path: ".symlinks/flutter/ios"
  sdk_xyo_flutter:
    :path: ".symlinks/plugins/sdk_xyo_flutter/ios"

SPEC CHECKSUMS:
  Flutter: 0e3d915762c693b495b44d77113d4970485de6ec
  PromisesObjC: c119f3cd559f50b7ae681fa59dc1acd19173b7e6
  PromisesSwift: 37bad6f4daddb02f7c9c531efe91e8b21c13ee2f
  sdk-bletcpbridge-swift: 44e17124a4e995362581811f0b73592717ed3b6f
  sdk-core-swift: 6b089045fe8483388bd3c82d2d1375d796c29745
  sdk-objectmodel-swift: ef0331719d7fb2249a883928286c4746dbcf9067
  sdk-xyobleinterface-swift: 15af443a0e54d4aaad54c927cbecb8d6902d15c0
  sdk_xyo_flutter: 852b968fa175de35138d4983018c98402909ffa2
  secp256k1.swift: a7e7a214f6db6ce5db32cc6b2b45e5c4dd633634
  SwiftProtobuf: 4fd9645e69b72cbae6ec8da5be0cdd20ca6565dd
  XyBleSdk: 4dc44b737643a564cd77610c96725d0532e07616

PODFILE CHECKSUM: c630c2cdcc6884d27c3b53646d7fe4c5b48758df

COCOAPODS: 1.8.4
